
Microsoft Visual Studio Solution File, Format Version 12.00
# Visual Studio Version 16
VisualStudioVersion = 16.0.31005.135
MinimumVisualStudioVersion = 10.0.40219.1
Project("{FAE04EC0-301F-11D3-BF4B-00C04F79EFBC}") = "VaR", "VaR\VaR.csproj", "{3041D8B8-86EF-43DE-9FA4-F8529DC7DAFD}"
EndProject
Global
	GlobalSection(SolutionConfigurationPlatforms) = preSolution
		Debug|Any CPU = Debug|Any CPU
		Release|Any CPU = Release|Any CPU
	EndGlobalSection
	GlobalSection(ProjectConfigurationPlatforms) = postSolution
		{3041D8B8-86EF-43DE-9FA4-F8529DC7DAFD}.Debug|Any CPU.ActiveCfg = Debug|Any CPU
		{3041D8B8-86EF-43DE-9FA4-F8529DC7DAFD}.Debug|Any CPU.Build.0 = Debug|Any CPU
		{3041D8B8-86EF-43DE-9FA4-F8529DC7DAFD}.Release|Any CPU.ActiveCfg = Release|Any CPU
		{3041D8B8-86EF-43DE-9FA4-F8529DC7DAFD}.Release|Any CPU.Build.0 = Release|Any CPU
	EndGlobalSection
	GlobalSection(SolutionProperties) = preSolution
		HideSolutionNode = FALSE
	EndGlobalSection
	GlobalSection(ExtensibilityGlobals) = postSolution
		SolutionGuid = {7804E22B-4CE3-48E0-B28D-7FC115B273A0}
	EndGlobalSection
EndGlobal
